# This file is automatically @generated by Cargo.
# It is not intended for manual editing.
version = 4

[[package]]
name = "difftest"
version = "0.0.1"

[[package]]
name = "efterscript-cli"
version = "0.0.1"
dependencies = [
 "remelt",
]

[[package]]
name = "pdf-out"
version = "0.0.1"

[[package]]
name = "platen"
version = "0.0.1"
dependencies = [
 "remelt",
]

[[package]]
name = "ps-fonts"
version = "0.0.1"

[[package]]
name = "ps-graphics"
version = "0.0.1"
dependencies = [
 "ps-vm",
]

[[package]]
name = "ps-vm"
version = "0.0.1"

[[package]]
name = "psgen"
version = "0.0.1"

[[package]]
name = "remelt"
version = "0.0.1"
dependencies = [
 "pdf-out",
 "ps-fonts",
 "ps-graphics",
 "ps-vm",
]

[[package]]
name = "xtask"
version = "0.0.1"
